
Microsoft Visual Studio Solution File, Format Version 12.00
# Visual Studio Version 17
VisualStudioVersion = 17.12.35521.163
MinimumVisualStudioVersion = 10.0.40219.1
Project("{2150E333-8FDC-42A3-9474-1A3956D46DE8}") = "utest", "utest", "{89DDDCE0-F344-4B26-8A1C-97899AEFBE95}"
EndProject
Project("{2150E333-8FDC-42A3-9474-1A3956D46DE8}") = "Resources", "Resources", "{1C455CFF-A48B-435B-93E4-1F6118F3376C}"
	ProjectSection(SolutionItems) = preProject
		xfunit\utest\makefile = xfunit\utest\makefile
	EndProjectSection
EndProject
Project("{2150E333-8FDC-42A3-9474-1A3956D46DE8}") = "library", "library", "{5E2D3E0F-3BAB-463F-A9F1-745A90617C24}"
EndProject
Project("{6989167D-11E4-40FE-8C1A-2192A86A7E90}") = "frypto", "frypto.vfproj", "{CB98DE4E-28F8-4983-91B9-D5C179E97364}"
	ProjectSection(ProjectDependencies) = postProject
		{5A255DD3-8AAD-4EB7-9FA8-8065A0B9EA82} = {5A255DD3-8AAD-4EB7-9FA8-8065A0B9EA82}
	EndProjectSection
EndProject
Project("{2150E333-8FDC-42A3-9474-1A3956D46DE8}") = "external", "external", "{89F5026B-8961-4CDD-BB21-6CB2A9413954}"
EndProject
Project("{6989167D-11E4-40FE-8C1A-2192A86A7E90}") = "xfunit", "..\..\XFunit\src\xfunit.vfproj", "{ADD5EB67-2DA6-4571-B21A-D69562053CE8}"
	ProjectSection(ProjectDependencies) = postProject
		{5A255DD3-8AAD-4EB7-9FA8-8065A0B9EA82} = {5A255DD3-8AAD-4EB7-9FA8-8065A0B9EA82}
	EndProjectSection
EndProject
Project("{6989167D-11E4-40FE-8C1A-2192A86A7E90}") = "fommons", "..\..\Fommons\src\fommons.vfproj", "{5A255DD3-8AAD-4EB7-9FA8-8065A0B9EA82}"
EndProject
Project("{6989167D-11E4-40FE-8C1A-2192A86A7E90}") = "unit_m_aes", "utest\unit_m_aes\unit_m_aes.vfproj", "{B7E38D45-0CC4-40F2-BD5A-1CEE3B433C5D}"
	ProjectSection(ProjectDependencies) = postProject
		{F5669338-3DE1-448C-929B-D4382825EA3F} = {F5669338-3DE1-448C-929B-D4382825EA3F}
		{CB98DE4E-28F8-4983-91B9-D5C179E97364} = {CB98DE4E-28F8-4983-91B9-D5C179E97364}
		{ADD5EB67-2DA6-4571-B21A-D69562053CE8} = {ADD5EB67-2DA6-4571-B21A-D69562053CE8}
		{5A255DD3-8AAD-4EB7-9FA8-8065A0B9EA82} = {5A255DD3-8AAD-4EB7-9FA8-8065A0B9EA82}
	EndProjectSection
EndProject
Project("{8BC9CEB8-8B4A-11D0-8D11-00A0C91BC942}") = "C", "utest\C\C.vcxproj", "{F5669338-3DE1-448C-929B-D4382825EA3F}"
EndProject
Project("{6989167D-11E4-40FE-8C1A-2192A86A7E90}") = "unit_m_base32", "utest\unit_m_base32\unit_m_base32.vfproj", "{E51D0594-59CC-4D45-B45E-98CC3107D712}"
	ProjectSection(ProjectDependencies) = postProject
		{F5669338-3DE1-448C-929B-D4382825EA3F} = {F5669338-3DE1-448C-929B-D4382825EA3F}
		{CB98DE4E-28F8-4983-91B9-D5C179E97364} = {CB98DE4E-28F8-4983-91B9-D5C179E97364}
		{ADD5EB67-2DA6-4571-B21A-D69562053CE8} = {ADD5EB67-2DA6-4571-B21A-D69562053CE8}
		{5A255DD3-8AAD-4EB7-9FA8-8065A0B9EA82} = {5A255DD3-8AAD-4EB7-9FA8-8065A0B9EA82}
	EndProjectSection
EndProject
Project("{6989167D-11E4-40FE-8C1A-2192A86A7E90}") = "unit_m_base64", "utest\unit_m_base64\unit_m_base64.vfproj", "{C41C59CA-84C1-402C-BBDB-20097AF99626}"
	ProjectSection(ProjectDependencies) = postProject
		{F5669338-3DE1-448C-929B-D4382825EA3F} = {F5669338-3DE1-448C-929B-D4382825EA3F}
		{CB98DE4E-28F8-4983-91B9-D5C179E97364} = {CB98DE4E-28F8-4983-91B9-D5C179E97364}
		{ADD5EB67-2DA6-4571-B21A-D69562053CE8} = {ADD5EB67-2DA6-4571-B21A-D69562053CE8}
		{5A255DD3-8AAD-4EB7-9FA8-8065A0B9EA82} = {5A255DD3-8AAD-4EB7-9FA8-8065A0B9EA82}
	EndProjectSection
EndProject
Project("{6989167D-11E4-40FE-8C1A-2192A86A7E90}") = "unit_m_blowfish", "utest\unit_m_blowfish\unit_m_blowfish.vfproj", "{42D7D0AD-0B54-4449-A160-C9F8C032EE2B}"
	ProjectSection(ProjectDependencies) = postProject
		{F5669338-3DE1-448C-929B-D4382825EA3F} = {F5669338-3DE1-448C-929B-D4382825EA3F}
		{CB98DE4E-28F8-4983-91B9-D5C179E97364} = {CB98DE4E-28F8-4983-91B9-D5C179E97364}
		{ADD5EB67-2DA6-4571-B21A-D69562053CE8} = {ADD5EB67-2DA6-4571-B21A-D69562053CE8}
		{5A255DD3-8AAD-4EB7-9FA8-8065A0B9EA82} = {5A255DD3-8AAD-4EB7-9FA8-8065A0B9EA82}
	EndProjectSection
EndProject
Project("{6989167D-11E4-40FE-8C1A-2192A86A7E90}") = "unit_m_crc32", "utest\unit_m_crc32\unit_m_crc32.vfproj", "{77EFA5EF-8061-41D6-8973-B57D72C68FCB}"
	ProjectSection(ProjectDependencies) = postProject
		{F5669338-3DE1-448C-929B-D4382825EA3F} = {F5669338-3DE1-448C-929B-D4382825EA3F}
		{CB98DE4E-28F8-4983-91B9-D5C179E97364} = {CB98DE4E-28F8-4983-91B9-D5C179E97364}
		{ADD5EB67-2DA6-4571-B21A-D69562053CE8} = {ADD5EB67-2DA6-4571-B21A-D69562053CE8}
		{5A255DD3-8AAD-4EB7-9FA8-8065A0B9EA82} = {5A255DD3-8AAD-4EB7-9FA8-8065A0B9EA82}
	EndProjectSection
EndProject
Project("{6989167D-11E4-40FE-8C1A-2192A86A7E90}") = "unit_m_crypto", "utest\unit_m_crypto\unit_m_crypto.vfproj", "{5CD147EF-22D7-492C-B46A-AE3E21504052}"
	ProjectSection(ProjectDependencies) = postProject
		{F5669338-3DE1-448C-929B-D4382825EA3F} = {F5669338-3DE1-448C-929B-D4382825EA3F}
		{CB98DE4E-28F8-4983-91B9-D5C179E97364} = {CB98DE4E-28F8-4983-91B9-D5C179E97364}
		{ADD5EB67-2DA6-4571-B21A-D69562053CE8} = {ADD5EB67-2DA6-4571-B21A-D69562053CE8}
		{5A255DD3-8AAD-4EB7-9FA8-8065A0B9EA82} = {5A255DD3-8AAD-4EB7-9FA8-8065A0B9EA82}
	EndProjectSection
EndProject
Project("{6989167D-11E4-40FE-8C1A-2192A86A7E90}") = "unit_m_des", "utest\unit_m_des\unit_m_des.vfproj", "{9FD48100-D7E0-44B2-BC0C-2C95652EFDC5}"
	ProjectSection(ProjectDependencies) = postProject
		{F5669338-3DE1-448C-929B-D4382825EA3F} = {F5669338-3DE1-448C-929B-D4382825EA3F}
		{CB98DE4E-28F8-4983-91B9-D5C179E97364} = {CB98DE4E-28F8-4983-91B9-D5C179E97364}
		{ADD5EB67-2DA6-4571-B21A-D69562053CE8} = {ADD5EB67-2DA6-4571-B21A-D69562053CE8}
		{5A255DD3-8AAD-4EB7-9FA8-8065A0B9EA82} = {5A255DD3-8AAD-4EB7-9FA8-8065A0B9EA82}
	EndProjectSection
EndProject
Project("{6989167D-11E4-40FE-8C1A-2192A86A7E90}") = "unit_m_md5", "utest\unit_m_md5\unit_m_md5.vfproj", "{A7F3DA59-791E-4BB0-9276-A91A27A57EC1}"
	ProjectSection(ProjectDependencies) = postProject
		{F5669338-3DE1-448C-929B-D4382825EA3F} = {F5669338-3DE1-448C-929B-D4382825EA3F}
		{CB98DE4E-28F8-4983-91B9-D5C179E97364} = {CB98DE4E-28F8-4983-91B9-D5C179E97364}
		{ADD5EB67-2DA6-4571-B21A-D69562053CE8} = {ADD5EB67-2DA6-4571-B21A-D69562053CE8}
		{5A255DD3-8AAD-4EB7-9FA8-8065A0B9EA82} = {5A255DD3-8AAD-4EB7-9FA8-8065A0B9EA82}
	EndProjectSection
EndProject
Project("{6989167D-11E4-40FE-8C1A-2192A86A7E90}") = "unit_m_sha1", "utest\unit_m_sha1\unit_m_sha1.vfproj", "{1425992D-7499-48CF-A5CF-735B9D2A78FD}"
	ProjectSection(ProjectDependencies) = postProject
		{F5669338-3DE1-448C-929B-D4382825EA3F} = {F5669338-3DE1-448C-929B-D4382825EA3F}
		{CB98DE4E-28F8-4983-91B9-D5C179E97364} = {CB98DE4E-28F8-4983-91B9-D5C179E97364}
		{ADD5EB67-2DA6-4571-B21A-D69562053CE8} = {ADD5EB67-2DA6-4571-B21A-D69562053CE8}
		{5A255DD3-8AAD-4EB7-9FA8-8065A0B9EA82} = {5A255DD3-8AAD-4EB7-9FA8-8065A0B9EA82}
	EndProjectSection
EndProject
Project("{6989167D-11E4-40FE-8C1A-2192A86A7E90}") = "unit_m_sha256", "utest\unit_m_sha256\unit_m_sha256.vfproj", "{F01019D2-9F9A-4217-AEAA-9ECB4DD5D327}"
	ProjectSection(ProjectDependencies) = postProject
		{F5669338-3DE1-448C-929B-D4382825EA3F} = {F5669338-3DE1-448C-929B-D4382825EA3F}
		{CB98DE4E-28F8-4983-91B9-D5C179E97364} = {CB98DE4E-28F8-4983-91B9-D5C179E97364}
		{ADD5EB67-2DA6-4571-B21A-D69562053CE8} = {ADD5EB67-2DA6-4571-B21A-D69562053CE8}
		{5A255DD3-8AAD-4EB7-9FA8-8065A0B9EA82} = {5A255DD3-8AAD-4EB7-9FA8-8065A0B9EA82}
	EndProjectSection
EndProject
Project("{6989167D-11E4-40FE-8C1A-2192A86A7E90}") = "unit_m_sha384", "utest\unit_m_sha384\unit_m_sha384.vfproj", "{A1CC7801-7044-494F-9DBC-A06FAA30C7A6}"
	ProjectSection(ProjectDependencies) = postProject
		{F5669338-3DE1-448C-929B-D4382825EA3F} = {F5669338-3DE1-448C-929B-D4382825EA3F}
		{CB98DE4E-28F8-4983-91B9-D5C179E97364} = {CB98DE4E-28F8-4983-91B9-D5C179E97364}
		{ADD5EB67-2DA6-4571-B21A-D69562053CE8} = {ADD5EB67-2DA6-4571-B21A-D69562053CE8}
		{5A255DD3-8AAD-4EB7-9FA8-8065A0B9EA82} = {5A255DD3-8AAD-4EB7-9FA8-8065A0B9EA82}
	EndProjectSection
EndProject
Project("{6989167D-11E4-40FE-8C1A-2192A86A7E90}") = "unit_m_sha512", "utest\unit_m_sha512\unit_m_sha512.vfproj", "{7D6A93DE-1D4C-47A2-A358-C44FB419A8C7}"
	ProjectSection(ProjectDependencies) = postProject
		{F5669338-3DE1-448C-929B-D4382825EA3F} = {F5669338-3DE1-448C-929B-D4382825EA3F}
		{CB98DE4E-28F8-4983-91B9-D5C179E97364} = {CB98DE4E-28F8-4983-91B9-D5C179E97364}
		{ADD5EB67-2DA6-4571-B21A-D69562053CE8} = {ADD5EB67-2DA6-4571-B21A-D69562053CE8}
		{5A255DD3-8AAD-4EB7-9FA8-8065A0B9EA82} = {5A255DD3-8AAD-4EB7-9FA8-8065A0B9EA82}
	EndProjectSection
EndProject
Project("{6989167D-11E4-40FE-8C1A-2192A86A7E90}") = "unit_m_uuencode", "utest\unit_m_uuencode\unit_m_uuencode.vfproj", "{EA4495F5-4959-482C-BBAB-B696E4A89560}"
	ProjectSection(ProjectDependencies) = postProject
		{F5669338-3DE1-448C-929B-D4382825EA3F} = {F5669338-3DE1-448C-929B-D4382825EA3F}
		{CB98DE4E-28F8-4983-91B9-D5C179E97364} = {CB98DE4E-28F8-4983-91B9-D5C179E97364}
		{ADD5EB67-2DA6-4571-B21A-D69562053CE8} = {ADD5EB67-2DA6-4571-B21A-D69562053CE8}
		{5A255DD3-8AAD-4EB7-9FA8-8065A0B9EA82} = {5A255DD3-8AAD-4EB7-9FA8-8065A0B9EA82}
	EndProjectSection
EndProject
Project("{6989167D-11E4-40FE-8C1A-2192A86A7E90}") = "unit_m_uuid", "utest\unit_m_uuid\unit_m_uuid.vfproj", "{8D29AEDC-109E-4BFA-8239-A663C1D94FDB}"
	ProjectSection(ProjectDependencies) = postProject
		{F5669338-3DE1-448C-929B-D4382825EA3F} = {F5669338-3DE1-448C-929B-D4382825EA3F}
		{CB98DE4E-28F8-4983-91B9-D5C179E97364} = {CB98DE4E-28F8-4983-91B9-D5C179E97364}
		{ADD5EB67-2DA6-4571-B21A-D69562053CE8} = {ADD5EB67-2DA6-4571-B21A-D69562053CE8}
		{5A255DD3-8AAD-4EB7-9FA8-8065A0B9EA82} = {5A255DD3-8AAD-4EB7-9FA8-8065A0B9EA82}
	EndProjectSection
EndProject
Project("{6989167D-11E4-40FE-8C1A-2192A86A7E90}") = "unit_m_shasum", "utest\unit_m_shasum\unit_m_shasum.vfproj", "{9E99E593-7D3D-4E3A-AB4F-97BE090AEB40}"
	ProjectSection(ProjectDependencies) = postProject
		{F5669338-3DE1-448C-929B-D4382825EA3F} = {F5669338-3DE1-448C-929B-D4382825EA3F}
		{CB98DE4E-28F8-4983-91B9-D5C179E97364} = {CB98DE4E-28F8-4983-91B9-D5C179E97364}
		{ADD5EB67-2DA6-4571-B21A-D69562053CE8} = {ADD5EB67-2DA6-4571-B21A-D69562053CE8}
		{5A255DD3-8AAD-4EB7-9FA8-8065A0B9EA82} = {5A255DD3-8AAD-4EB7-9FA8-8065A0B9EA82}
	EndProjectSection
EndProject
Project("{FAE04EC0-301F-11D3-BF4B-00C04F79EFBC}") = "unit_test_driver", "..\unit_test_driver\unit_test_driver.csproj", "{587E0562-72B0-4944-A09E-AA91378A6EFA}"
EndProject
Global
	GlobalSection(SolutionConfigurationPlatforms) = preSolution
		Debug|Any CPU = Debug|Any CPU
		Debug|x64 = Debug|x64
		Debug|x86 = Debug|x86
		Release|Any CPU = Release|Any CPU
		Release|x64 = Release|x64
		Release|x86 = Release|x86
	EndGlobalSection
	GlobalSection(ProjectConfigurationPlatforms) = postSolution
		{CB98DE4E-28F8-4983-91B9-D5C179E97364}.Debug|Any CPU.ActiveCfg = Debug|x64
		{CB98DE4E-28F8-4983-91B9-D5C179E97364}.Debug|Any CPU.Build.0 = Debug|x64
		{CB98DE4E-28F8-4983-91B9-D5C179E97364}.Debug|x64.ActiveCfg = Debug|x64
		{CB98DE4E-28F8-4983-91B9-D5C179E97364}.Debug|x64.Build.0 = Debug|x64
		{CB98DE4E-28F8-4983-91B9-D5C179E97364}.Debug|x86.ActiveCfg = Debug|Win32
		{CB98DE4E-28F8-4983-91B9-D5C179E97364}.Debug|x86.Build.0 = Debug|Win32
		{CB98DE4E-28F8-4983-91B9-D5C179E97364}.Release|Any CPU.ActiveCfg = Release|Win32
		{CB98DE4E-28F8-4983-91B9-D5C179E97364}.Release|x64.ActiveCfg = Release|x64
		{CB98DE4E-28F8-4983-91B9-D5C179E97364}.Release|x64.Build.0 = Release|x64
		{CB98DE4E-28F8-4983-91B9-D5C179E97364}.Release|x86.ActiveCfg = Release|Win32
		{CB98DE4E-28F8-4983-91B9-D5C179E97364}.Release|x86.Build.0 = Release|Win32
		{ADD5EB67-2DA6-4571-B21A-D69562053CE8}.Debug|Any CPU.ActiveCfg = Debug|x64
		{ADD5EB67-2DA6-4571-B21A-D69562053CE8}.Debug|x64.ActiveCfg = Debug|x64
		{ADD5EB67-2DA6-4571-B21A-D69562053CE8}.Debug|x64.Build.0 = Debug|x64
		{ADD5EB67-2DA6-4571-B21A-D69562053CE8}.Debug|x86.ActiveCfg = Debug|Win32
		{ADD5EB67-2DA6-4571-B21A-D69562053CE8}.Debug|x86.Build.0 = Debug|Win32
		{ADD5EB67-2DA6-4571-B21A-D69562053CE8}.Release|Any CPU.ActiveCfg = Release|Win32
		{ADD5EB67-2DA6-4571-B21A-D69562053CE8}.Release|x64.ActiveCfg = Release|x64
		{ADD5EB67-2DA6-4571-B21A-D69562053CE8}.Release|x64.Build.0 = Release|x64
		{ADD5EB67-2DA6-4571-B21A-D69562053CE8}.Release|x86.ActiveCfg = Release|Win32
		{ADD5EB67-2DA6-4571-B21A-D69562053CE8}.Release|x86.Build.0 = Release|Win32
		{5A255DD3-8AAD-4EB7-9FA8-8065A0B9EA82}.Debug|Any CPU.ActiveCfg = Debug|x64
		{5A255DD3-8AAD-4EB7-9FA8-8065A0B9EA82}.Debug|x64.ActiveCfg = Debug|x64
		{5A255DD3-8AAD-4EB7-9FA8-8065A0B9EA82}.Debug|x64.Build.0 = Debug|x64
		{5A255DD3-8AAD-4EB7-9FA8-8065A0B9EA82}.Debug|x86.ActiveCfg = Debug|Win32
		{5A255DD3-8AAD-4EB7-9FA8-8065A0B9EA82}.Debug|x86.Build.0 = Debug|Win32
		{5A255DD3-8AAD-4EB7-9FA8-8065A0B9EA82}.Release|Any CPU.ActiveCfg = Release|Win32
		{5A255DD3-8AAD-4EB7-9FA8-8065A0B9EA82}.Release|x64.ActiveCfg = Release|x64
		{5A255DD3-8AAD-4EB7-9FA8-8065A0B9EA82}.Release|x64.Build.0 = Release|x64
		{5A255DD3-8AAD-4EB7-9FA8-8065A0B9EA82}.Release|x86.ActiveCfg = Release|Win32
		{5A255DD3-8AAD-4EB7-9FA8-8065A0B9EA82}.Release|x86.Build.0 = Release|Win32
		{B7E38D45-0CC4-40F2-BD5A-1CEE3B433C5D}.Debug|Any CPU.ActiveCfg = Debug|x64
		{B7E38D45-0CC4-40F2-BD5A-1CEE3B433C5D}.Debug|Any CPU.Build.0 = Debug|x64
		{B7E38D45-0CC4-40F2-BD5A-1CEE3B433C5D}.Debug|x64.ActiveCfg = Debug|x64
		{B7E38D45-0CC4-40F2-BD5A-1CEE3B433C5D}.Debug|x64.Build.0 = Debug|x64
		{B7E38D45-0CC4-40F2-BD5A-1CEE3B433C5D}.Debug|x86.ActiveCfg = Debug|Win32
		{B7E38D45-0CC4-40F2-BD5A-1CEE3B433C5D}.Debug|x86.Build.0 = Debug|Win32
		{B7E38D45-0CC4-40F2-BD5A-1CEE3B433C5D}.Release|Any CPU.ActiveCfg = Release|Win32
		{B7E38D45-0CC4-40F2-BD5A-1CEE3B433C5D}.Release|x64.ActiveCfg = Release|x64
		{B7E38D45-0CC4-40F2-BD5A-1CEE3B433C5D}.Release|x64.Build.0 = Release|x64
		{B7E38D45-0CC4-40F2-BD5A-1CEE3B433C5D}.Release|x86.ActiveCfg = Release|Win32
		{B7E38D45-0CC4-40F2-BD5A-1CEE3B433C5D}.Release|x86.Build.0 = Release|Win32
		{F5669338-3DE1-448C-929B-D4382825EA3F}.Debug|Any CPU.ActiveCfg = Debug|x64
		{F5669338-3DE1-448C-929B-D4382825EA3F}.Debug|Any CPU.Build.0 = Debug|x64
		{F5669338-3DE1-448C-929B-D4382825EA3F}.Debug|x64.ActiveCfg = Debug|x64
		{F5669338-3DE1-448C-929B-D4382825EA3F}.Debug|x64.Build.0 = Debug|x64
		{F5669338-3DE1-448C-929B-D4382825EA3F}.Debug|x86.ActiveCfg = Debug|Win32
		{F5669338-3DE1-448C-929B-D4382825EA3F}.Debug|x86.Build.0 = Debug|Win32
		{F5669338-3DE1-448C-929B-D4382825EA3F}.Release|Any CPU.ActiveCfg = Release|Win32
		{F5669338-3DE1-448C-929B-D4382825EA3F}.Release|x64.ActiveCfg = Release|x64
		{F5669338-3DE1-448C-929B-D4382825EA3F}.Release|x64.Build.0 = Release|x64
		{F5669338-3DE1-448C-929B-D4382825EA3F}.Release|x86.ActiveCfg = Release|Win32
		{F5669338-3DE1-448C-929B-D4382825EA3F}.Release|x86.Build.0 = Release|Win32
		{E51D0594-59CC-4D45-B45E-98CC3107D712}.Debug|Any CPU.ActiveCfg = Debug|x64
		{E51D0594-59CC-4D45-B45E-98CC3107D712}.Debug|Any CPU.Build.0 = Debug|x64
		{E51D0594-59CC-4D45-B45E-98CC3107D712}.Debug|x64.ActiveCfg = Debug|x64
		{E51D0594-59CC-4D45-B45E-98CC3107D712}.Debug|x64.Build.0 = Debug|x64
		{E51D0594-59CC-4D45-B45E-98CC3107D712}.Debug|x86.ActiveCfg = Debug|Win32
		{E51D0594-59CC-4D45-B45E-98CC3107D712}.Debug|x86.Build.0 = Debug|Win32
		{E51D0594-59CC-4D45-B45E-98CC3107D712}.Release|Any CPU.ActiveCfg = Release|Win32
		{E51D0594-59CC-4D45-B45E-98CC3107D712}.Release|x64.ActiveCfg = Release|x64
		{E51D0594-59CC-4D45-B45E-98CC3107D712}.Release|x64.Build.0 = Release|x64
		{E51D0594-59CC-4D45-B45E-98CC3107D712}.Release|x86.ActiveCfg = Release|Win32
		{E51D0594-59CC-4D45-B45E-98CC3107D712}.Release|x86.Build.0 = Release|Win32
		{C41C59CA-84C1-402C-BBDB-20097AF99626}.Debug|Any CPU.ActiveCfg = Debug|x64
		{C41C59CA-84C1-402C-BBDB-20097AF99626}.Debug|Any CPU.Build.0 = Debug|x64
		{C41C59CA-84C1-402C-BBDB-20097AF99626}.Debug|x64.ActiveCfg = Debug|x64
		{C41C59CA-84C1-402C-BBDB-20097AF99626}.Debug|x64.Build.0 = Debug|x64
		{C41C59CA-84C1-402C-BBDB-20097AF99626}.Debug|x86.ActiveCfg = Debug|Win32
		{C41C59CA-84C1-402C-BBDB-20097AF99626}.Debug|x86.Build.0 = Debug|Win32
		{C41C59CA-84C1-402C-BBDB-20097AF99626}.Release|Any CPU.ActiveCfg = Release|Win32
		{C41C59CA-84C1-402C-BBDB-20097AF99626}.Release|x64.ActiveCfg = Release|x64
		{C41C59CA-84C1-402C-BBDB-20097AF99626}.Release|x64.Build.0 = Release|x64
		{C41C59CA-84C1-402C-BBDB-20097AF99626}.Release|x86.ActiveCfg = Release|Win32
		{C41C59CA-84C1-402C-BBDB-20097AF99626}.Release|x86.Build.0 = Release|Win32
		{42D7D0AD-0B54-4449-A160-C9F8C032EE2B}.Debug|Any CPU.ActiveCfg = Debug|x64
		{42D7D0AD-0B54-4449-A160-C9F8C032EE2B}.Debug|Any CPU.Build.0 = Debug|x64
		{42D7D0AD-0B54-4449-A160-C9F8C032EE2B}.Debug|x64.ActiveCfg = Debug|x64
		{42D7D0AD-0B54-4449-A160-C9F8C032EE2B}.Debug|x64.Build.0 = Debug|x64
		{42D7D0AD-0B54-4449-A160-C9F8C032EE2B}.Debug|x86.ActiveCfg = Debug|Win32
		{42D7D0AD-0B54-4449-A160-C9F8C032EE2B}.Debug|x86.Build.0 = Debug|Win32
		{42D7D0AD-0B54-4449-A160-C9F8C032EE2B}.Release|Any CPU.ActiveCfg = Release|Win32
		{42D7D0AD-0B54-4449-A160-C9F8C032EE2B}.Release|x64.ActiveCfg = Release|x64
		{42D7D0AD-0B54-4449-A160-C9F8C032EE2B}.Release|x64.Build.0 = Release|x64
		{42D7D0AD-0B54-4449-A160-C9F8C032EE2B}.Release|x86.ActiveCfg = Release|Win32
		{42D7D0AD-0B54-4449-A160-C9F8C032EE2B}.Release|x86.Build.0 = Release|Win32
		{77EFA5EF-8061-41D6-8973-B57D72C68FCB}.Debug|Any CPU.ActiveCfg = Debug|x64
		{77EFA5EF-8061-41D6-8973-B57D72C68FCB}.Debug|Any CPU.Build.0 = Debug|x64
		{77EFA5EF-8061-41D6-8973-B57D72C68FCB}.Debug|x64.ActiveCfg = Debug|x64
		{77EFA5EF-8061-41D6-8973-B57D72C68FCB}.Debug|x64.Build.0 = Debug|x64
		{77EFA5EF-8061-41D6-8973-B57D72C68FCB}.Debug|x86.ActiveCfg = Debug|Win32
		{77EFA5EF-8061-41D6-8973-B57D72C68FCB}.Debug|x86.Build.0 = Debug|Win32
		{77EFA5EF-8061-41D6-8973-B57D72C68FCB}.Release|Any CPU.ActiveCfg = Release|Win32
		{77EFA5EF-8061-41D6-8973-B57D72C68FCB}.Release|x64.ActiveCfg = Release|x64
		{77EFA5EF-8061-41D6-8973-B57D72C68FCB}.Release|x64.Build.0 = Release|x64
		{77EFA5EF-8061-41D6-8973-B57D72C68FCB}.Release|x86.ActiveCfg = Release|Win32
		{77EFA5EF-8061-41D6-8973-B57D72C68FCB}.Release|x86.Build.0 = Release|Win32
		{5CD147EF-22D7-492C-B46A-AE3E21504052}.Debug|Any CPU.ActiveCfg = Debug|x64
		{5CD147EF-22D7-492C-B46A-AE3E21504052}.Debug|Any CPU.Build.0 = Debug|x64
		{5CD147EF-22D7-492C-B46A-AE3E21504052}.Debug|x64.ActiveCfg = Debug|x64
		{5CD147EF-22D7-492C-B46A-AE3E21504052}.Debug|x64.Build.0 = Debug|x64
		{5CD147EF-22D7-492C-B46A-AE3E21504052}.Debug|x86.ActiveCfg = Debug|Win32
		{5CD147EF-22D7-492C-B46A-AE3E21504052}.Debug|x86.Build.0 = Debug|Win32
		{5CD147EF-22D7-492C-B46A-AE3E21504052}.Release|Any CPU.ActiveCfg = Release|Win32
		{5CD147EF-22D7-492C-B46A-AE3E21504052}.Release|x64.ActiveCfg = Release|x64
		{5CD147EF-22D7-492C-B46A-AE3E21504052}.Release|x64.Build.0 = Release|x64
		{5CD147EF-22D7-492C-B46A-AE3E21504052}.Release|x86.ActiveCfg = Release|Win32
		{5CD147EF-22D7-492C-B46A-AE3E21504052}.Release|x86.Build.0 = Release|Win32
		{9FD48100-D7E0-44B2-BC0C-2C95652EFDC5}.Debug|Any CPU.ActiveCfg = Debug|x64
		{9FD48100-D7E0-44B2-BC0C-2C95652EFDC5}.Debug|Any CPU.Build.0 = Debug|x64
		{9FD48100-D7E0-44B2-BC0C-2C95652EFDC5}.Debug|x64.ActiveCfg = Debug|x64
		{9FD48100-D7E0-44B2-BC0C-2C95652EFDC5}.Debug|x64.Build.0 = Debug|x64
		{9FD48100-D7E0-44B2-BC0C-2C95652EFDC5}.Debug|x86.ActiveCfg = Debug|Win32
		{9FD48100-D7E0-44B2-BC0C-2C95652EFDC5}.Debug|x86.Build.0 = Debug|Win32
		{9FD48100-D7E0-44B2-BC0C-2C95652EFDC5}.Release|Any CPU.ActiveCfg = Release|Win32
		{9FD48100-D7E0-44B2-BC0C-2C95652EFDC5}.Release|x64.ActiveCfg = Release|x64
		{9FD48100-D7E0-44B2-BC0C-2C95652EFDC5}.Release|x64.Build.0 = Release|x64
		{9FD48100-D7E0-44B2-BC0C-2C95652EFDC5}.Release|x86.ActiveCfg = Release|Win32
		{9FD48100-D7E0-44B2-BC0C-2C95652EFDC5}.Release|x86.Build.0 = Release|Win32
		{A7F3DA59-791E-4BB0-9276-A91A27A57EC1}.Debug|Any CPU.ActiveCfg = Debug|x64
		{A7F3DA59-791E-4BB0-9276-A91A27A57EC1}.Debug|Any CPU.Build.0 = Debug|x64
		{A7F3DA59-791E-4BB0-9276-A91A27A57EC1}.Debug|x64.ActiveCfg = Debug|x64
		{A7F3DA59-791E-4BB0-9276-A91A27A57EC1}.Debug|x64.Build.0 = Debug|x64
		{A7F3DA59-791E-4BB0-9276-A91A27A57EC1}.Debug|x86.ActiveCfg = Debug|Win32
		{A7F3DA59-791E-4BB0-9276-A91A27A57EC1}.Debug|x86.Build.0 = Debug|Win32
		{A7F3DA59-791E-4BB0-9276-A91A27A57EC1}.Release|Any CPU.ActiveCfg = Release|Win32
		{A7F3DA59-791E-4BB0-9276-A91A27A57EC1}.Release|x64.ActiveCfg = Release|x64
		{A7F3DA59-791E-4BB0-9276-A91A27A57EC1}.Release|x64.Build.0 = Release|x64
		{A7F3DA59-791E-4BB0-9276-A91A27A57EC1}.Release|x86.ActiveCfg = Release|Win32
		{A7F3DA59-791E-4BB0-9276-A91A27A57EC1}.Release|x86.Build.0 = Release|Win32
		{1425992D-7499-48CF-A5CF-735B9D2A78FD}.Debug|Any CPU.ActiveCfg = Debug|x64
		{1425992D-7499-48CF-A5CF-735B9D2A78FD}.Debug|Any CPU.Build.0 = Debug|x64
		{1425992D-7499-48CF-A5CF-735B9D2A78FD}.Debug|x64.ActiveCfg = Debug|x64
		{1425992D-7499-48CF-A5CF-735B9D2A78FD}.Debug|x64.Build.0 = Debug|x64
		{1425992D-7499-48CF-A5CF-735B9D2A78FD}.Debug|x86.ActiveCfg = Debug|Win32
		{1425992D-7499-48CF-A5CF-735B9D2A78FD}.Debug|x86.Build.0 = Debug|Win32
		{1425992D-7499-48CF-A5CF-735B9D2A78FD}.Release|Any CPU.ActiveCfg = Release|Win32
		{1425992D-7499-48CF-A5CF-735B9D2A78FD}.Release|x64.ActiveCfg = Release|x64
		{1425992D-7499-48CF-A5CF-735B9D2A78FD}.Release|x64.Build.0 = Release|x64
		{1425992D-7499-48CF-A5CF-735B9D2A78FD}.Release|x86.ActiveCfg = Release|Win32
		{1425992D-7499-48CF-A5CF-735B9D2A78FD}.Release|x86.Build.0 = Release|Win32
		{F01019D2-9F9A-4217-AEAA-9ECB4DD5D327}.Debug|Any CPU.ActiveCfg = Debug|x64
		{F01019D2-9F9A-4217-AEAA-9ECB4DD5D327}.Debug|Any CPU.Build.0 = Debug|x64
		{F01019D2-9F9A-4217-AEAA-9ECB4DD5D327}.Debug|x64.ActiveCfg = Debug|x64
		{F01019D2-9F9A-4217-AEAA-9ECB4DD5D327}.Debug|x64.Build.0 = Debug|x64
		{F01019D2-9F9A-4217-AEAA-9ECB4DD5D327}.Debug|x86.ActiveCfg = Debug|Win32
		{F01019D2-9F9A-4217-AEAA-9ECB4DD5D327}.Debug|x86.Build.0 = Debug|Win32
		{F01019D2-9F9A-4217-AEAA-9ECB4DD5D327}.Release|Any CPU.ActiveCfg = Release|Win32
		{F01019D2-9F9A-4217-AEAA-9ECB4DD5D327}.Release|x64.ActiveCfg = Release|x64
		{F01019D2-9F9A-4217-AEAA-9ECB4DD5D327}.Release|x64.Build.0 = Release|x64
		{F01019D2-9F9A-4217-AEAA-9ECB4DD5D327}.Release|x86.ActiveCfg = Release|Win32
		{F01019D2-9F9A-4217-AEAA-9ECB4DD5D327}.Release|x86.Build.0 = Release|Win32
		{A1CC7801-7044-494F-9DBC-A06FAA30C7A6}.Debug|Any CPU.ActiveCfg = Debug|x64
		{A1CC7801-7044-494F-9DBC-A06FAA30C7A6}.Debug|Any CPU.Build.0 = Debug|x64
		{A1CC7801-7044-494F-9DBC-A06FAA30C7A6}.Debug|x64.ActiveCfg = Debug|x64
		{A1CC7801-7044-494F-9DBC-A06FAA30C7A6}.Debug|x64.Build.0 = Debug|x64
		{A1CC7801-7044-494F-9DBC-A06FAA30C7A6}.Debug|x86.ActiveCfg = Debug|Win32
		{A1CC7801-7044-494F-9DBC-A06FAA30C7A6}.Debug|x86.Build.0 = Debug|Win32
		{A1CC7801-7044-494F-9DBC-A06FAA30C7A6}.Release|Any CPU.ActiveCfg = Release|Win32
		{A1CC7801-7044-494F-9DBC-A06FAA30C7A6}.Release|x64.ActiveCfg = Release|x64
		{A1CC7801-7044-494F-9DBC-A06FAA30C7A6}.Release|x64.Build.0 = Release|x64
		{A1CC7801-7044-494F-9DBC-A06FAA30C7A6}.Release|x86.ActiveCfg = Release|Win32
		{A1CC7801-7044-494F-9DBC-A06FAA30C7A6}.Release|x86.Build.0 = Release|Win32
		{7D6A93DE-1D4C-47A2-A358-C44FB419A8C7}.Debug|Any CPU.ActiveCfg = Debug|x64
		{7D6A93DE-1D4C-47A2-A358-C44FB419A8C7}.Debug|Any CPU.Build.0 = Debug|x64
		{7D6A93DE-1D4C-47A2-A358-C44FB419A8C7}.Debug|x64.ActiveCfg = Debug|x64
		{7D6A93DE-1D4C-47A2-A358-C44FB419A8C7}.Debug|x64.Build.0 = Debug|x64
		{7D6A93DE-1D4C-47A2-A358-C44FB419A8C7}.Debug|x86.ActiveCfg = Debug|Win32
		{7D6A93DE-1D4C-47A2-A358-C44FB419A8C7}.Debug|x86.Build.0 = Debug|Win32
		{7D6A93DE-1D4C-47A2-A358-C44FB419A8C7}.Release|Any CPU.ActiveCfg = Release|Win32
		{7D6A93DE-1D4C-47A2-A358-C44FB419A8C7}.Release|x64.ActiveCfg = Release|x64
		{7D6A93DE-1D4C-47A2-A358-C44FB419A8C7}.Release|x64.Build.0 = Release|x64
		{7D6A93DE-1D4C-47A2-A358-C44FB419A8C7}.Release|x86.ActiveCfg = Release|Win32
		{7D6A93DE-1D4C-47A2-A358-C44FB419A8C7}.Release|x86.Build.0 = Release|Win32
		{EA4495F5-4959-482C-BBAB-B696E4A89560}.Debug|Any CPU.ActiveCfg = Debug|x64
		{EA4495F5-4959-482C-BBAB-B696E4A89560}.Debug|Any CPU.Build.0 = Debug|x64
		{EA4495F5-4959-482C-BBAB-B696E4A89560}.Debug|x64.ActiveCfg = Debug|x64
		{EA4495F5-4959-482C-BBAB-B696E4A89560}.Debug|x64.Build.0 = Debug|x64
		{EA4495F5-4959-482C-BBAB-B696E4A89560}.Debug|x86.ActiveCfg = Debug|Win32
		{EA4495F5-4959-482C-BBAB-B696E4A89560}.Debug|x86.Build.0 = Debug|Win32
		{EA4495F5-4959-482C-BBAB-B696E4A89560}.Release|Any CPU.ActiveCfg = Release|Win32
		{EA4495F5-4959-482C-BBAB-B696E4A89560}.Release|x64.ActiveCfg = Release|x64
		{EA4495F5-4959-482C-BBAB-B696E4A89560}.Release|x64.Build.0 = Release|x64
		{EA4495F5-4959-482C-BBAB-B696E4A89560}.Release|x86.ActiveCfg = Release|Win32
		{EA4495F5-4959-482C-BBAB-B696E4A89560}.Release|x86.Build.0 = Release|Win32
		{8D29AEDC-109E-4BFA-8239-A663C1D94FDB}.Debug|Any CPU.ActiveCfg = Debug|x64
		{8D29AEDC-109E-4BFA-8239-A663C1D94FDB}.Debug|Any CPU.Build.0 = Debug|x64
		{8D29AEDC-109E-4BFA-8239-A663C1D94FDB}.Debug|x64.ActiveCfg = Debug|x64
		{8D29AEDC-109E-4BFA-8239-A663C1D94FDB}.Debug|x64.Build.0 = Debug|x64
		{8D29AEDC-109E-4BFA-8239-A663C1D94FDB}.Debug|x86.ActiveCfg = Debug|Win32
		{8D29AEDC-109E-4BFA-8239-A663C1D94FDB}.Debug|x86.Build.0 = Debug|Win32
		{8D29AEDC-109E-4BFA-8239-A663C1D94FDB}.Release|Any CPU.ActiveCfg = Release|Win32
		{8D29AEDC-109E-4BFA-8239-A663C1D94FDB}.Release|x64.ActiveCfg = Release|x64
		{8D29AEDC-109E-4BFA-8239-A663C1D94FDB}.Release|x64.Build.0 = Release|x64
		{8D29AEDC-109E-4BFA-8239-A663C1D94FDB}.Release|x86.ActiveCfg = Release|Win32
		{8D29AEDC-109E-4BFA-8239-A663C1D94FDB}.Release|x86.Build.0 = Release|Win32
		{9E99E593-7D3D-4E3A-AB4F-97BE090AEB40}.Debug|Any CPU.ActiveCfg = Debug|x64
		{9E99E593-7D3D-4E3A-AB4F-97BE090AEB40}.Debug|Any CPU.Build.0 = Debug|x64
		{9E99E593-7D3D-4E3A-AB4F-97BE090AEB40}.Debug|x64.ActiveCfg = Debug|x64
		{9E99E593-7D3D-4E3A-AB4F-97BE090AEB40}.Debug|x64.Build.0 = Debug|x64
		{9E99E593-7D3D-4E3A-AB4F-97BE090AEB40}.Debug|x86.ActiveCfg = Debug|Win32
		{9E99E593-7D3D-4E3A-AB4F-97BE090AEB40}.Debug|x86.Build.0 = Debug|Win32
		{9E99E593-7D3D-4E3A-AB4F-97BE090AEB40}.Release|Any CPU.ActiveCfg = Release|Win32
		{9E99E593-7D3D-4E3A-AB4F-97BE090AEB40}.Release|x64.ActiveCfg = Release|x64
		{9E99E593-7D3D-4E3A-AB4F-97BE090AEB40}.Release|x64.Build.0 = Release|x64
		{9E99E593-7D3D-4E3A-AB4F-97BE090AEB40}.Release|x86.ActiveCfg = Release|Win32
		{9E99E593-7D3D-4E3A-AB4F-97BE090AEB40}.Release|x86.Build.0 = Release|Win32
		{587E0562-72B0-4944-A09E-AA91378A6EFA}.Debug|Any CPU.ActiveCfg = Debug|Any CPU
		{587E0562-72B0-4944-A09E-AA91378A6EFA}.Debug|Any CPU.Build.0 = Debug|Any CPU
		{587E0562-72B0-4944-A09E-AA91378A6EFA}.Debug|x64.ActiveCfg = Debug|Any CPU
		{587E0562-72B0-4944-A09E-AA91378A6EFA}.Debug|x64.Build.0 = Debug|Any CPU
		{587E0562-72B0-4944-A09E-AA91378A6EFA}.Debug|x86.ActiveCfg = Debug|Any CPU
		{587E0562-72B0-4944-A09E-AA91378A6EFA}.Debug|x86.Build.0 = Debug|Any CPU
		{587E0562-72B0-4944-A09E-AA91378A6EFA}.Release|Any CPU.ActiveCfg = Release|Any CPU
		{587E0562-72B0-4944-A09E-AA91378A6EFA}.Release|Any CPU.Build.0 = Release|Any CPU
		{587E0562-72B0-4944-A09E-AA91378A6EFA}.Release|x64.ActiveCfg = Release|Any CPU
		{587E0562-72B0-4944-A09E-AA91378A6EFA}.Release|x64.Build.0 = Release|Any CPU
		{587E0562-72B0-4944-A09E-AA91378A6EFA}.Release|x86.ActiveCfg = Release|Any CPU
		{587E0562-72B0-4944-A09E-AA91378A6EFA}.Release|x86.Build.0 = Release|Any CPU
	EndGlobalSection
	GlobalSection(SolutionProperties) = preSolution
		HideSolutionNode = FALSE
	EndGlobalSection
	GlobalSection(NestedProjects) = preSolution
		{1C455CFF-A48B-435B-93E4-1F6118F3376C} = {89DDDCE0-F344-4B26-8A1C-97899AEFBE95}
		{CB98DE4E-28F8-4983-91B9-D5C179E97364} = {5E2D3E0F-3BAB-463F-A9F1-745A90617C24}
		{ADD5EB67-2DA6-4571-B21A-D69562053CE8} = {89F5026B-8961-4CDD-BB21-6CB2A9413954}
		{5A255DD3-8AAD-4EB7-9FA8-8065A0B9EA82} = {89F5026B-8961-4CDD-BB21-6CB2A9413954}
		{B7E38D45-0CC4-40F2-BD5A-1CEE3B433C5D} = {89DDDCE0-F344-4B26-8A1C-97899AEFBE95}
		{F5669338-3DE1-448C-929B-D4382825EA3F} = {89DDDCE0-F344-4B26-8A1C-97899AEFBE95}
		{E51D0594-59CC-4D45-B45E-98CC3107D712} = {89DDDCE0-F344-4B26-8A1C-97899AEFBE95}
		{C41C59CA-84C1-402C-BBDB-20097AF99626} = {89DDDCE0-F344-4B26-8A1C-97899AEFBE95}
		{42D7D0AD-0B54-4449-A160-C9F8C032EE2B} = {89DDDCE0-F344-4B26-8A1C-97899AEFBE95}
		{77EFA5EF-8061-41D6-8973-B57D72C68FCB} = {89DDDCE0-F344-4B26-8A1C-97899AEFBE95}
		{5CD147EF-22D7-492C-B46A-AE3E21504052} = {89DDDCE0-F344-4B26-8A1C-97899AEFBE95}
		{9FD48100-D7E0-44B2-BC0C-2C95652EFDC5} = {89DDDCE0-F344-4B26-8A1C-97899AEFBE95}
		{A7F3DA59-791E-4BB0-9276-A91A27A57EC1} = {89DDDCE0-F344-4B26-8A1C-97899AEFBE95}
		{1425992D-7499-48CF-A5CF-735B9D2A78FD} = {89DDDCE0-F344-4B26-8A1C-97899AEFBE95}
		{F01019D2-9F9A-4217-AEAA-9ECB4DD5D327} = {89DDDCE0-F344-4B26-8A1C-97899AEFBE95}
		{A1CC7801-7044-494F-9DBC-A06FAA30C7A6} = {89DDDCE0-F344-4B26-8A1C-97899AEFBE95}
		{7D6A93DE-1D4C-47A2-A358-C44FB419A8C7} = {89DDDCE0-F344-4B26-8A1C-97899AEFBE95}
		{EA4495F5-4959-482C-BBAB-B696E4A89560} = {89DDDCE0-F344-4B26-8A1C-97899AEFBE95}
		{8D29AEDC-109E-4BFA-8239-A663C1D94FDB} = {89DDDCE0-F344-4B26-8A1C-97899AEFBE95}
		{9E99E593-7D3D-4E3A-AB4F-97BE090AEB40} = {89DDDCE0-F344-4B26-8A1C-97899AEFBE95}
	EndGlobalSection
	GlobalSection(ExtensibilityGlobals) = postSolution
		VisualSVNWorkingCopyRoot = .
		SolutionGuid = {EC77C033-016B-4290-AD3B-D4D2CD892790}
	EndGlobalSection
EndGlobal
